
Microsoft Visual Studio Solution File, Format Version 12.00
# Visual Studio Version 16
VisualStudioVersion = 16.0.29519.181
MinimumVisualStudioVersion = 10.0.40219.1
Project("{FAE04EC0-301F-11D3-BF4B-00C04F79EFBC}") = "DemoEventBusRabbitMQ", "DemoEventBusRabbitMQ\DemoEventBusRabbitMQ.csproj", "{FC060CBA-3F6E-4A23-A7F3-78BB924FE31E}"
EndProject
Project("{FAE04EC0-301F-11D3-BF4B-00C04F79EFBC}") = "DemoEventBusFramewrok", "DemoEventBusFramewrok\DemoEventBusFramewrok.csproj", "{89FCCFEC-BF83-41E1-A07B-EB6A7F851C09}"
EndProject
Project("{FAE04EC0-301F-11D3-BF4B-00C04F79EFBC}") = "QuotationServices", "QuotationServices\QuotationServices.csproj", "{0BEAAFD3-A836-42C9-8B1B-5B4B9FA89834}"
EndProject
Global
	GlobalSection(SolutionConfigurationPlatforms) = preSolution
		Debug|Any CPU = Debug|Any CPU
		Release|Any CPU = Release|Any CPU
	EndGlobalSection
	GlobalSection(ProjectConfigurationPlatforms) = postSolution
		{FC060CBA-3F6E-4A23-A7F3-78BB924FE31E}.Debug|Any CPU.ActiveCfg = Debug|Any CPU
		{FC060CBA-3F6E-4A23-A7F3-78BB924FE31E}.Debug|Any CPU.Build.0 = Debug|Any CPU
		{FC060CBA-3F6E-4A23-A7F3-78BB924FE31E}.Release|Any CPU.ActiveCfg = Release|Any CPU
		{FC060CBA-3F6E-4A23-A7F3-78BB924FE31E}.Release|Any CPU.Build.0 = Release|Any CPU
		{89FCCFEC-BF83-41E1-A07B-EB6A7F851C09}.Debug|Any CPU.ActiveCfg = Debug|Any CPU
		{89FCCFEC-BF83-41E1-A07B-EB6A7F851C09}.Debug|Any CPU.Build.0 = Debug|Any CPU
		{89FCCFEC-BF83-41E1-A07B-EB6A7F851C09}.Release|Any CPU.ActiveCfg = Release|Any CPU
		{89FCCFEC-BF83-41E1-A07B-EB6A7F851C09}.Release|Any CPU.Build.0 = Release|Any CPU
		{0BEAAFD3-A836-42C9-8B1B-5B4B9FA89834}.Debug|Any CPU.ActiveCfg = Debug|Any CPU
		{0BEAAFD3-A836-42C9-8B1B-5B4B9FA89834}.Debug|Any CPU.Build.0 = Debug|Any CPU
		{0BEAAFD3-A836-42C9-8B1B-5B4B9FA89834}.Release|Any CPU.ActiveCfg = Release|Any CPU
		{0BEAAFD3-A836-42C9-8B1B-5B4B9FA89834}.Release|Any CPU.Build.0 = Release|Any CPU
	EndGlobalSection
	GlobalSection(SolutionProperties) = preSolution
		HideSolutionNode = FALSE
	EndGlobalSection
	GlobalSection(ExtensibilityGlobals) = postSolution
		SolutionGuid = {17085BA0-6BE8-438D-BA19-39C152AE7052}
	EndGlobalSection
EndGlobal
